PODS:
  - AWSCore (2.7.4)
  - ReachabilitySwift (4.3.1)
  - SQLite.swift (0.11.4):
    - SQLite.swift/standard (= 0.11.4)
  - SQLite.swift/standard (0.11.4)

DEPENDENCIES:
  - AWSCore (~> 2.7.0)
  - ReachabilitySwift (~> 4.3.0)
  - SQLite.swift (= 0.11.4)

SPEC REPOS:
  https://github.com/cocoapods/specs.git:
    - AWSCore
    - ReachabilitySwift
    - SQLite.swift

SPEC CHECKSUMS:
  AWSCore: 9ff5ac15c4a5dd8419753fe19b9e98f7ba1b7859
  ReachabilitySwift: 4032e2f59586e11e3b0ebe15b167abdd587a388b
  SQLite.swift: 3e3bee21da701b5b9f87c4a672cb54f233505692

PODFILE CHECKSUM: 98962f27dbede9add8cee6022e7518b2573b663b

COCOAPODS: 1.6.1
